PODS:
  - PixelTest (2.3.0)
  - ShowTime (2.5.0)

DEPENDENCIES:
  - PixelTest (= 2.3.0)
  - ShowTime (from `../`)

SPEC REPOS:
  trunk:
    - PixelTest

EXTERNAL SOURCES:
  ShowTime:
    :path: "../"

SPEC CHECKSUMS:
  PixelTest: bf8ebcab58def20fbcf4ff791b80b74687eb4529
  ShowTime: 7821a8fc33629f34dbd970e0b55f34126f6d9750

PODFILE CHECKSUM: ea7c3a8949d001e05b46fdd36a35d982dbd05106

COCOAPODS: 1.9.1
